
Microsoft Visual Studio Solution File, Format Version 12.00
# Visual Studio Version 17
VisualStudioVersion = 17.14.36616.10 d17.14
MinimumVisualStudioVersion = 10.0.40219.1
Project("{FAE04EC0-301F-11D3-BF4B-00C04F79EFBC}") = "PT200Emulator_WinForms", "PT200Emulator_WinForms\PT200Emulator_WinForms.csproj", "{6B221555-1C1F-469A-92CB-BFEA82976C42}"
EndProject
Global
	GlobalSection(SolutionConfigurationPlatforms) = preSolution
		Debug|Any CPU = Debug|Any CPU
		Release|Any CPU = Release|Any CPU
	EndGlobalSection
	GlobalSection(ProjectConfigurationPlatforms) = postSolution
		{6B221555-1C1F-469A-92CB-BFEA82976C42}.Debug|Any CPU.ActiveCfg = Debug|Any CPU
		{6B221555-1C1F-469A-92CB-BFEA82976C42}.Debug|Any CPU.Build.0 = Debug|Any CPU
		{6B221555-1C1F-469A-92CB-BFEA82976C42}.Release|Any CPU.ActiveCfg = Release|Any CPU
		{6B221555-1C1F-469A-92CB-BFEA82976C42}.Release|Any CPU.Build.0 = Release|Any CPU
	EndGlobalSection
	GlobalSection(SolutionProperties) = preSolution
		HideSolutionNode = FALSE
	EndGlobalSection
	GlobalSection(ExtensibilityGlobals) = postSolution
		SolutionGuid = {4AC61C6D-B843-41CB-A977-25F42EC01285}
	EndGlobalSection
EndGlobal
